
Microsoft Visual Studio Solution File, Format Version 12.00
# Visual Studio Version 18
VisualStudioVersion = 18.5.11716.220
MinimumVisualStudioVersion = 10.0.40219.1
Project("{FAE04EC0-301F-11D3-BF4B-00C04F79EFBC}") = "ManuTrackAPI", "ManuTrackAPI.csproj", "{00C3BD5E-6ED6-6E8D-9C1B-91D42ED60C8A}"
EndProject
Global
	GlobalSection(SolutionConfigurationPlatforms) = preSolution
		Debug|Any CPU = Debug|Any CPU
		Release|Any CPU = Release|Any CPU
	EndGlobalSection
	GlobalSection(ProjectConfigurationPlatforms) = postSolution
		{00C3BD5E-6ED6-6E8D-9C1B-91D42ED60C8A}.Debug|Any CPU.ActiveCfg = Debug|Any CPU
		{00C3BD5E-6ED6-6E8D-9C1B-91D42ED60C8A}.Debug|Any CPU.Build.0 = Debug|Any CPU
		{00C3BD5E-6ED6-6E8D-9C1B-91D42ED60C8A}.Release|Any CPU.ActiveCfg = Release|Any CPU
		{00C3BD5E-6ED6-6E8D-9C1B-91D42ED60C8A}.Release|Any CPU.Build.0 = Release|Any CPU
	EndGlobalSection
	GlobalSection(SolutionProperties) = preSolution
		HideSolutionNode = FALSE
	EndGlobalSection
	GlobalSection(ExtensibilityGlobals) = postSolution
		SolutionGuid = {D7AC8D28-0105-486E-8137-47CE6006C06F}
	EndGlobalSection
EndGlobal
